
Microsoft Visual Studio Solution File, Format Version 12.00
# Visual Studio 15
VisualStudioVersion = 15.0.27004.2009
MinimumVisualStudioVersion = 10.0.40219.1
Project("{FAE04EC0-301F-11D3-BF4B-00C04F79EFBC}") = "Test", "Test\Test.csproj", "{053801B6-DC4E-4C1B-BBF5-8D90D876C6E6}"
EndProject
Project("{FAE04EC0-301F-11D3-BF4B-00C04F79EFBC}") = "Rohm.Common.Logging", "Rohm.Common.Logging\Rohm.Common.Logging.csproj", "{FB2757D0-C92B-42BF-8B3B-614EA0151578}"
EndProject
Global
	GlobalSection(SolutionConfigurationPlatforms) = preSolution
		Debug|Any CPU = Debug|Any CPU
		Release|Any CPU = Release|Any CPU
	EndGlobalSection
	GlobalSection(ProjectConfigurationPlatforms) = postSolution
		{053801B6-DC4E-4C1B-BBF5-8D90D876C6E6}.Debug|Any CPU.ActiveCfg = Debug|Any CPU
		{053801B6-DC4E-4C1B-BBF5-8D90D876C6E6}.Debug|Any CPU.Build.0 = Debug|Any CPU
		{053801B6-DC4E-4C1B-BBF5-8D90D876C6E6}.Release|Any CPU.ActiveCfg = Release|Any CPU
		{053801B6-DC4E-4C1B-BBF5-8D90D876C6E6}.Release|Any CPU.Build.0 = Release|Any CPU
		{FB2757D0-C92B-42BF-8B3B-614EA0151578}.Debug|Any CPU.ActiveCfg = Debug|Any CPU
		{FB2757D0-C92B-42BF-8B3B-614EA0151578}.Debug|Any CPU.Build.0 = Debug|Any CPU
		{FB2757D0-C92B-42BF-8B3B-614EA0151578}.Release|Any CPU.ActiveCfg = Release|Any CPU
		{FB2757D0-C92B-42BF-8B3B-614EA0151578}.Release|Any CPU.Build.0 = Release|Any CPU
	EndGlobalSection
	GlobalSection(SolutionProperties) = preSolution
		HideSolutionNode = FALSE
	EndGlobalSection
	GlobalSection(ExtensibilityGlobals) = postSolution
		SolutionGuid = {F19D0289-9139-4DF7-A1F6-BC1F06493ABB}
	EndGlobalSection
EndGlobal
